
Microsoft Visual Studio Solution File, Format Version 12.00
# Visual Studio 15
VisualStudioVersion = 15.0.28307.421
MinimumVisualStudioVersion = 10.0.40219.1
Project("{9A19103F-16F7-4668-BE54-9A1E7A4F7556}") = "OutsourceWidget", "OutsourceWidget\OutsourceWidget.csproj", "{B6069506-2367-4B94-A644-B46F09724347}"
EndProject
Project("{FAE04EC0-301F-11D3-BF4B-00C04F79EFBC}") = "OutsourceWidget.DAL", "OutsourceWidget.DAL\OutsourceWidget.DAL.csproj", "{293912D9-0869-4190-9F19-3BD8BBCBA0CF}"
EndProject
Project("{FAE04EC0-301F-11D3-BF4B-00C04F79EFBC}") = "OutsourceWidget.Models", "OutsourceWidget.Models\OutsourceWidget.Models.csproj", "{3981A37E-EA38-4722-AEA1-CA0D3ED7C8C0}"
EndProject
Project("{FAE04EC0-301F-11D3-BF4B-00C04F79EFBC}") = "OutsourceWidget.Logic", "OutsourceWidget.Logic\OutsourceWidget.Logic.csproj", "{6FC8DBF8-E05A-4C55-B5F7-B5D82E19BBF2}"
EndProject
Global
	GlobalSection(SolutionConfigurationPlatforms) = preSolution
		Debug|Any CPU = Debug|Any CPU
		Release|Any CPU = Release|Any CPU
	EndGlobalSection
	GlobalSection(ProjectConfigurationPlatforms) = postSolution
		{B6069506-2367-4B94-A644-B46F09724347}.Debug|Any CPU.ActiveCfg = Debug|Any CPU
		{B6069506-2367-4B94-A644-B46F09724347}.Debug|Any CPU.Build.0 = Debug|Any CPU
		{B6069506-2367-4B94-A644-B46F09724347}.Release|Any CPU.ActiveCfg = Release|Any CPU
		{B6069506-2367-4B94-A644-B46F09724347}.Release|Any CPU.Build.0 = Release|Any CPU
		{293912D9-0869-4190-9F19-3BD8BBCBA0CF}.Debug|Any CPU.ActiveCfg = Debug|Any CPU
		{293912D9-0869-4190-9F19-3BD8BBCBA0CF}.Debug|Any CPU.Build.0 = Debug|Any CPU
		{293912D9-0869-4190-9F19-3BD8BBCBA0CF}.Release|Any CPU.ActiveCfg = Release|Any CPU
		{293912D9-0869-4190-9F19-3BD8BBCBA0CF}.Release|Any CPU.Build.0 = Release|Any CPU
		{3981A37E-EA38-4722-AEA1-CA0D3ED7C8C0}.Debug|Any CPU.ActiveCfg = Debug|Any CPU
		{3981A37E-EA38-4722-AEA1-CA0D3ED7C8C0}.Debug|Any CPU.Build.0 = Debug|Any CPU
		{3981A37E-EA38-4722-AEA1-CA0D3ED7C8C0}.Release|Any CPU.ActiveCfg = Release|Any CPU
		{3981A37E-EA38-4722-AEA1-CA0D3ED7C8C0}.Release|Any CPU.Build.0 = Release|Any CPU
		{6FC8DBF8-E05A-4C55-B5F7-B5D82E19BBF2}.Debug|Any CPU.ActiveCfg = Debug|Any CPU
		{6FC8DBF8-E05A-4C55-B5F7-B5D82E19BBF2}.Debug|Any CPU.Build.0 = Debug|Any CPU
		{6FC8DBF8-E05A-4C55-B5F7-B5D82E19BBF2}.Release|Any CPU.ActiveCfg = Release|Any CPU
		{6FC8DBF8-E05A-4C55-B5F7-B5D82E19BBF2}.Release|Any CPU.Build.0 = Release|Any CPU
	EndGlobalSection
	GlobalSection(SolutionProperties) = preSolution
		HideSolutionNode = FALSE
	EndGlobalSection
	GlobalSection(ExtensibilityGlobals) = postSolution
		SolutionGuid = {9D315841-14B1-4A0C-98A1-B632F45E8E13}
	EndGlobalSection
EndGlobal
